
Microsoft Visual Studio Solution File, Format Version 12.00
# Visual Studio Version 16
VisualStudioVersion = 16.0.29709.97
MinimumVisualStudioVersion = 10.0.40219.1
Project("{FAE04EC0-301F-11D3-BF4B-00C04F79EFBC}") = "QueteMVVM", "QueteMVVM\QueteMVVM.csproj", "{5F7A2CDB-E933-442A-BA08-08595A7E2370}"
EndProject
Global
	GlobalSection(SolutionConfigurationPlatforms) = preSolution
		Debug|Any CPU = Debug|Any CPU
		Release|Any CPU = Release|Any CPU
	EndGlobalSection
	GlobalSection(ProjectConfigurationPlatforms) = postSolution
		{5F7A2CDB-E933-442A-BA08-08595A7E2370}.Debug|Any CPU.ActiveCfg = Debug|Any CPU
		{5F7A2CDB-E933-442A-BA08-08595A7E2370}.Debug|Any CPU.Build.0 = Debug|Any CPU
		{5F7A2CDB-E933-442A-BA08-08595A7E2370}.Release|Any CPU.ActiveCfg = Release|Any CPU
		{5F7A2CDB-E933-442A-BA08-08595A7E2370}.Release|Any CPU.Build.0 = Release|Any CPU
	EndGlobalSection
	GlobalSection(SolutionProperties) = preSolution
		HideSolutionNode = FALSE
	EndGlobalSection
	GlobalSection(ExtensibilityGlobals) = postSolution
		SolutionGuid = {FC11D014-2E6A-46F2-9C36-E76399C05DCC}
	EndGlobalSection
EndGlobal
